# This file is autogenerated, do not edit; changes may be undone by the next 'dep ensure'.


[[projects]]
  name = "github.com/stretchr/testify"
  packages = ["assert"]
  revision = "2160c81a963bc827f650a9d420263d05d35bb97e"

[[projects]]
  name = "gopkg.in/blang/semver.v3"
  packages = ["."]
  revision = "2ee87856327ba09384cabd113bc6b5d174e9ec0f"
  version = "v3.5.1"

[solve-meta]
  analyzer-name = "dep"
  analyzer-version = 1
  inputs-digest = "32a509fee98eb55e0666acea3516832efa7d8f7c17ff6aa9e4b65446fdc96211"
  solver-name = "gps-cdcl"
  solver-version = 1
