# This file is autogenerated, do not edit; changes may be undone by the next 'dep ensure'.


[[projects]]
  name = "github.com/stretchr/testify"
  packages = ["assert"]
  revision = "2160c81a963bc827f650a9d420263d05d35bb97e"

[[projects]]
  name = "gopkg.in/blang/semver.v1"
  packages = ["."]
  revision = "0d739aeb6a95fcba66f10d2532ec17064088e7af"
  version = "v1.1.0"

[solve-meta]
  analyzer-name = "dep"
  analyzer-version = 1
  inputs-digest = "4e22bcb681c3f5f08663da2d66397b0074ce8430b8136411bc3796cfcaea941d"
  solver-name = "gps-cdcl"
  solver-version = 1
